
Microsoft Visual Studio Solution File, Format Version 12.00
# Visual Studio Version 16
VisualStudioVersion = 16.0.29025.244
MinimumVisualStudioVersion = 10.0.40219.1
Project("{FAE04EC0-301F-11D3-BF4B-00C04F79EFBC}") = "Pizzaria", "Pizzaria\Pizzaria.csproj", "{62B402B5-72DD-4C96-9C22-1CFA4EA3A93C}"
EndProject
Project("{FAE04EC0-301F-11D3-BF4B-00C04F79EFBC}") = "PizariaConsole", "PizariaConsole\PizariaConsole.csproj", "{0BB55A0B-59CD-4FF6-A988-DD852628E28F}"
EndProject
Project("{FAE04EC0-301F-11D3-BF4B-00C04F79EFBC}") = "WindowsFormsApp1", "WindowsFormsApp1\WindowsFormsApp1.csproj", "{20BFB1D1-30CE-48F8-A16F-22D2E797E9CE}"
EndProject
Global
	GlobalSection(SolutionConfigurationPlatforms) = preSolution
		Debug|Any CPU = Debug|Any CPU
		Release|Any CPU = Release|Any CPU
	EndGlobalSection
	GlobalSection(ProjectConfigurationPlatforms) = postSolution
		{62B402B5-72DD-4C96-9C22-1CFA4EA3A93C}.Debug|Any CPU.ActiveCfg = Debug|Any CPU
		{62B402B5-72DD-4C96-9C22-1CFA4EA3A93C}.Debug|Any CPU.Build.0 = Debug|Any CPU
		{62B402B5-72DD-4C96-9C22-1CFA4EA3A93C}.Release|Any CPU.ActiveCfg = Release|Any CPU
		{62B402B5-72DD-4C96-9C22-1CFA4EA3A93C}.Release|Any CPU.Build.0 = Release|Any CPU
		{0BB55A0B-59CD-4FF6-A988-DD852628E28F}.Debug|Any CPU.ActiveCfg = Debug|Any CPU
		{0BB55A0B-59CD-4FF6-A988-DD852628E28F}.Debug|Any CPU.Build.0 = Debug|Any CPU
		{0BB55A0B-59CD-4FF6-A988-DD852628E28F}.Release|Any CPU.ActiveCfg = Release|Any CPU
		{0BB55A0B-59CD-4FF6-A988-DD852628E28F}.Release|Any CPU.Build.0 = Release|Any CPU
		{20BFB1D1-30CE-48F8-A16F-22D2E797E9CE}.Debug|Any CPU.ActiveCfg = Debug|Any CPU
		{20BFB1D1-30CE-48F8-A16F-22D2E797E9CE}.Debug|Any CPU.Build.0 = Debug|Any CPU
		{20BFB1D1-30CE-48F8-A16F-22D2E797E9CE}.Release|Any CPU.ActiveCfg = Release|Any CPU
		{20BFB1D1-30CE-48F8-A16F-22D2E797E9CE}.Release|Any CPU.Build.0 = Release|Any CPU
	EndGlobalSection
	GlobalSection(SolutionProperties) = preSolution
		HideSolutionNode = FALSE
	EndGlobalSection
	GlobalSection(ExtensibilityGlobals) = postSolution
		SolutionGuid = {F4FDB1F3-BD95-4305-BC52-57BE41F1D6A8}
	EndGlobalSection
EndGlobal
